github.com/YetAnotherSpieskowcy/Carcassonne-Engine v0.0.0-20240721131023-2afcbab51a85 h1:HR4jBzsCpllcxZcIqyUa1/f2S7WJVewp/fpD3UVsUzc=
github.com/YetAnotherSpieskowcy/Carcassonne-Engine v0.0.0-20240721131023-2afcbab51a85/go.mod h1:wR1PIwvZk8XClmWtB3+L9+TE6fePnKXGvy7nIyLE0ik=
github.com/YetAnotherSpieskowcy/Carcassonne-Engine v0.0.0-20240722181534-3594c402464e h1:nKDBhY1wvomHD54GmDRUSidAcp4WbK92N8So6NDP30Y=
github.com/YetAnotherSpieskowcy/Carcassonne-Engine v0.0.0-20240722181534-3594c402464e/go.mod h1:wR1PIwvZk8XClmWtB3+L9+TE6fePnKXGvy7nIyLE0ik=
github.com/YetAnotherSpieskowcy/Carcassonne-Engine v0.0.0-20240822225716-d73da311bfa0 h1:3+joJjN2VZ9YSAXtE5rLeJCa7gmT2n1hx/APIQpPFmE=
github.com/YetAnotherSpieskowcy/Carcassonne-Engine v0.0.0-20240822225716-d73da311bfa0/go.mod h1:wR1PIwvZk8XClmWtB3+L9+TE6fePnKXGvy7nIyLE0ik=
github.com/YetAnotherSpieskowcy/Carcassonne-Engine v0.0.0-20240825150632-b53bbbaed8f8 h1:cyx9X5dXJU8OKlrVvqaJCy0N2VGW2LVCiopouRg2af4=
github.com/YetAnotherSpieskowcy/Carcassonne-Engine v0.0.0-20240825150632-b53bbbaed8f8/go.mod h1:wR1PIwvZk8XClmWtB3+L9+TE6fePnKXGvy7nIyLE0ik=
github.com/davecgh/go-spew v1.1.0/go.mod h1:J7Y8YcW2NihsgmVo/mv3lAwl/skON4iLHjSsI+c5H38=
github.com/davecgh/go-spew v1.1.1/go.mod h1:J7Y8YcW2NihsgmVo/mv3lAwl/skON4iLHjSsI+c5H38=
github.com/ebitengine/purego v0.7.1 h1:6/55d26lG3o9VCZX8lping+bZcmShseiqlh2bnUDiPA=
github.com/ebitengine/purego v0.7.1/go.mod h1:ah1In8AOtksoNK6yk5z1HTJeUkC1Ez4Wk2idgGslMwQ=
github.com/gen2brain/raylib-go/raylib v0.0.0-20240807111636-8861ee437da9 h1:voUyZVwDxeiKv31gHmzHY95Oq/+0+ozj8zmKDiaag/o=
github.com/gen2brain/raylib-go/raylib v0.0.0-20240807111636-8861ee437da9/go.mod h1:BaY76bZk7nw1/kVOSQObPY1v1iwVE1KHAGMfvI6oK1Q=
github.com/huandu/go-assert v1.1.5/go.mod h1:yOLvuqZwmcHIC5rIzrBhT7D3Q9c3GFnd0JrPVhn/06U=
github.com/huandu/go-clone v1.7.2 h1:3+Aq0Ed8XK+zKkLjE2dfHg0XrpIfcohBE1K+c8Usxoo=
github.com/huandu/go-clone v1.7.2/go.mod h1:ReGivhG6op3GYr+UY3lS6mxjKp7MIGTknuU5TbTVaXE=
github.com/pmezard/go-difflib v1.0.0/go.mod h1:iKH77koFhYxTK1pcRnkKkqfTogsbg7gZNVY4sRDYZ/4=
github.com/stretchr/objx v0.1.0/go.mod h1:HFkY916IF+rwdDfMAkV7OtwuqBVzrE8GR6GFx+wExME=
github.com/stretchr/testify v1.4.0/go.mod h1:j7eGeouHqKxXV5pUuKE4zz7dFj8WfuZ+81PSLYec5m4=
golang.org/x/exp v0.0.0-20240823005443-9b4947da3948 h1:kx6Ds3MlpiUHKj7syVnbp57++8WpuKPcR5yjLBjvLEA=
golang.org/x/exp v0.0.0-20240823005443-9b4947da3948/go.mod h1:akd2r19cwCdwSwWeIdzYQGa/EZZyqcOdwWiwj5L5eKQ=
golang.org/x/sys v0.24.0 h1:Twjiwq9dn6R1fQcyiK+wQyHWfaz/BJB+YIpzU/Cv3Xg=
golang.org/x/sys v0.24.0/go.mod h1:/VUhepiaJMQUp4+oa/7Zr1D23ma6VTLIYjOOTFZPUcA=
gopkg.in/check.v1 v0.0.0-20161208181325-20d25e280405/go.mod h1:Co6ibVJAznAaIkqp8huTwlJQCZ016jof/cbN4VW5Yz0=
gopkg.in/yaml.v2 v2.2.2/go.mod h1:hI93XBmqTisBFMUTm0b8Fm+jr3Dg1NNxqwp+5A1VGuI=
